
Microsoft Visual Studio Solution File, Format Version 12.00
# Visual Studio Version 17
VisualStudioVersion = 17.7.34221.43
MinimumVisualStudioVersion = 10.0.40219.1
Project("{8BC9CEB8-8B4A-11D0-8D11-00A0C91BC942}") = "ModernC-intMain", "ModernC-intMain\ModernC-intMain.vcxproj", "{FEBE4271-33C3-4BA4-A686-47B0A4B3971C}"
EndProject
Global
	GlobalSection(SolutionConfigurationPlatforms) = preSolution
		Debug|x64 = Debug|x64
		Release|x64 = Release|x64
	EndGlobalSection
	GlobalSection(ProjectConfigurationPlatforms) = postSolution
		{FEBE4271-33C3-4BA4-A686-47B0A4B3971C}.Debug|x64.ActiveCfg = Debug|x64
		{FEBE4271-33C3-4BA4-A686-47B0A4B3971C}.Debug|x64.Build.0 = Debug|x64
		{FEBE4271-33C3-4BA4-A686-47B0A4B3971C}.Release|x64.ActiveCfg = Release|x64
		{FEBE4271-33C3-4BA4-A686-47B0A4B3971C}.Release|x64.Build.0 = Release|x64
	EndGlobalSection
	GlobalSection(SolutionProperties) = preSolution
		HideSolutionNode = FALSE
	EndGlobalSection
	GlobalSection(ExtensibilityGlobals) = postSolution
		SolutionGuid = {40979669-329B-4806-8955-1E268817900E}
	EndGlobalSection
EndGlobal
